PODS:
  - CryptoSwift (0.12.0)
  - SwiftyBencode (0.1.0):
    - CryptoSwift (~> 0.12)

DEPENDENCIES:
  - SwiftyBencode (from `../`)

SPEC REPOS:
  https://github.com/cocoapods/specs.git:
    - CryptoSwift

EXTERNAL SOURCES:
  SwiftyBencode:
    :path: "../"

SPEC CHECKSUMS:
  CryptoSwift: 1c07ca50843dd48bc54e6ea53d7a4dba3b645716
  SwiftyBencode: 78f33dcb06ffb57e5d88f072cbb3050fd92c95ab

PODFILE CHECKSUM: b089072236138ec37e8d809c5aaca2a46a5f23c0

COCOAPODS: 1.5.3
